
Microsoft Visual Studio Solution File, Format Version 12.00
# Visual Studio Version 17
VisualStudioVersion = 17.5.002.0
MinimumVisualStudioVersion = 10.0.40219.1
Project("{9A19103F-16F7-4668-BE54-9A1E7A4F7556}") = "PrimeiroProjeto", "PrimeiroProjeto.csproj", "{18D0CCCC-02C9-49BA-9333-29C65AB065C6}"
EndProject
Global
	GlobalSection(SolutionConfigurationPlatforms) = preSolution
		Debug|Any CPU = Debug|Any CPU
		Release|Any CPU = Release|Any CPU
	EndGlobalSection
	GlobalSection(ProjectConfigurationPlatforms) = postSolution
		{18D0CCCC-02C9-49BA-9333-29C65AB065C6}.Debug|Any CPU.ActiveCfg = Debug|Any CPU
		{18D0CCCC-02C9-49BA-9333-29C65AB065C6}.Debug|Any CPU.Build.0 = Debug|Any CPU
		{18D0CCCC-02C9-49BA-9333-29C65AB065C6}.Release|Any CPU.ActiveCfg = Release|Any CPU
		{18D0CCCC-02C9-49BA-9333-29C65AB065C6}.Release|Any CPU.Build.0 = Release|Any CPU
	EndGlobalSection
	GlobalSection(SolutionProperties) = preSolution
		HideSolutionNode = FALSE
	EndGlobalSection
	GlobalSection(ExtensibilityGlobals) = postSolution
		SolutionGuid = {72F99C72-DD43-45B6-9591-42FDBBF147FD}
	EndGlobalSection
EndGlobal
